
Microsoft Visual Studio Solution File, Format Version 12.00
# Visual Studio Version 17
VisualStudioVersion = 17.5.002.0
MinimumVisualStudioVersion = 10.0.40219.1
Project("{9A19103F-16F7-4668-BE54-9A1E7A4F7556}") = "ShopSphere.Shipping", "ShopSphere.Shipping.csproj", "{5FCDC016-F036-43FE-A74B-7BD5D7F20BAB}"
EndProject
Global
	GlobalSection(SolutionConfigurationPlatforms) = preSolution
		Debug|Any CPU = Debug|Any CPU
		Release|Any CPU = Release|Any CPU
	EndGlobalSection
	GlobalSection(ProjectConfigurationPlatforms) = postSolution
		{5FCDC016-F036-43FE-A74B-7BD5D7F20BAB}.Debug|Any CPU.ActiveCfg = Debug|Any CPU
		{5FCDC016-F036-43FE-A74B-7BD5D7F20BAB}.Debug|Any CPU.Build.0 = Debug|Any CPU
		{5FCDC016-F036-43FE-A74B-7BD5D7F20BAB}.Release|Any CPU.ActiveCfg = Release|Any CPU
		{5FCDC016-F036-43FE-A74B-7BD5D7F20BAB}.Release|Any CPU.Build.0 = Release|Any CPU
	EndGlobalSection
	GlobalSection(SolutionProperties) = preSolution
		HideSolutionNode = FALSE
	EndGlobalSection
	GlobalSection(ExtensibilityGlobals) = postSolution
		SolutionGuid = {1C18954D-7D91-4063-A4F7-FB41A6B6C1D6}
	EndGlobalSection
EndGlobal
